
Microsoft Visual Studio Solution File, Format Version 12.00
# Visual Studio Version 16
VisualStudioVersion = 16.0.30717.126
MinimumVisualStudioVersion = 10.0.40219.1
Project("{FAE04EC0-301F-11D3-BF4B-00C04F79EFBC}") = "WFMautostatus", "WFMautostatus\WFMautostatus.csproj", "{33F6B0AA-BF39-4F12-A9A4-32A80BD6C02A}"
EndProject
Global
	GlobalSection(SolutionConfigurationPlatforms) = preSolution
		Debug|Any CPU = Debug|Any CPU
		Release|Any CPU = Release|Any CPU
	EndGlobalSection
	GlobalSection(ProjectConfigurationPlatforms) = postSolution
		{33F6B0AA-BF39-4F12-A9A4-32A80BD6C02A}.Debug|Any CPU.ActiveCfg = Debug|Any CPU
		{33F6B0AA-BF39-4F12-A9A4-32A80BD6C02A}.Debug|Any CPU.Build.0 = Debug|Any CPU
		{33F6B0AA-BF39-4F12-A9A4-32A80BD6C02A}.Release|Any CPU.ActiveCfg = Release|Any CPU
		{33F6B0AA-BF39-4F12-A9A4-32A80BD6C02A}.Release|Any CPU.Build.0 = Release|Any CPU
	EndGlobalSection
	GlobalSection(SolutionProperties) = preSolution
		HideSolutionNode = FALSE
	EndGlobalSection
	GlobalSection(ExtensibilityGlobals) = postSolution
		SolutionGuid = {80D53F54-862B-4732-A0B3-C1E37A9B813B}
	EndGlobalSection
EndGlobal
